
Microsoft Visual Studio Solution File, Format Version 12.00
# Visual Studio Version 17
VisualStudioVersion = 17.3.32901.215
MinimumVisualStudioVersion = 10.0.40219.1
Project("{FAE04EC0-301F-11D3-BF4B-00C04F79EFBC}") = "CentralitaAppFinal", "CentralitaAppFinal\CentralitaAppFinal.csproj", "{EE99405F-9BF4-42FF-B20E-DF18D620F26F}"
EndProject
Global
	GlobalSection(SolutionConfigurationPlatforms) = preSolution
		Debug|Any CPU = Debug|Any CPU
		Release|Any CPU = Release|Any CPU
	EndGlobalSection
	GlobalSection(ProjectConfigurationPlatforms) = postSolution
		{EE99405F-9BF4-42FF-B20E-DF18D620F26F}.Debug|Any CPU.ActiveCfg = Debug|Any CPU
		{EE99405F-9BF4-42FF-B20E-DF18D620F26F}.Debug|Any CPU.Build.0 = Debug|Any CPU
		{EE99405F-9BF4-42FF-B20E-DF18D620F26F}.Release|Any CPU.ActiveCfg = Release|Any CPU
		{EE99405F-9BF4-42FF-B20E-DF18D620F26F}.Release|Any CPU.Build.0 = Release|Any CPU
	EndGlobalSection
	GlobalSection(SolutionProperties) = preSolution
		HideSolutionNode = FALSE
	EndGlobalSection
	GlobalSection(ExtensibilityGlobals) = postSolution
		SolutionGuid = {C8EB356D-2BC3-475A-97B8-BB4937D407EC}
	EndGlobalSection
EndGlobal
